// !$*UTF8*$!
{
	archiveVersion = 1;
	classes = {
	};
	objectVersion = 56;
	objects = {

/* Begin PBXBuildFile section */
		A1000001 /* App/DocumentAIApp.swift in Sources */ = {isa = PBXBuildFile; fileRef = B1000001 /* App/DocumentAIApp.swift */; };
		T1000001 /* DocumentDetectionResponseTests.swift in Sources */ = {isa = PBXBuildFile; fileRef = T1000002 /* DocumentDetectionResponseTests.swift */; };
		T1000014 /* PDFKitRepresentedViewTests.swift in Sources */ = {isa = PBXBuildFile; fileRef = T1000015 /* PDFKitRepresentedViewTests.swift */; };
		T1000016 /* IntegrationTests.swift in Sources */ = {isa = PBXBuildFile; fileRef = T1000017 /* IntegrationTests.swift */; };
		A1000002 /* Features/Home/HomeView.swift in Sources */ = {isa = PBXBuildFile; fileRef = B1000002 /* Features/Home/HomeView.swift */; };
		A1000004 /* Features/Home/HomeViewModel.swift in Sources */ = {isa = PBXBuildFile; fileRef = B1000004 /* Features/Home/HomeViewModel.swift */; };
		A1000006 /* Core/Services/DocumentPickerService.swift in Sources */ = {isa = PBXBuildFile; fileRef = B1000006 /* Core/Services/DocumentPickerService.swift */; };
		A1000007 /* Core/Services/ImagePickerService.swift in Sources */ = {isa = PBXBuildFile; fileRef = B1000007 /* Core/Services/ImagePickerService.swift */; };
		A1000008 /* Core/Services/APIService.swift in Sources */ = {isa = PBXBuildFile; fileRef = B1000008 /* Core/Services/APIService.swift */; };
		A1000009 /* Core/Services/LocalStorageService.swift in Sources */ = {isa = PBXBuildFile; fileRef = B1000009 /* Core/Services/LocalStorageService.swift */; };
		A1000010 /* UI/Components/AnimatedGradientBackground.swift in Sources */ = {isa = PBXBuildFile; fileRef = B1000010 /* UI/Components/AnimatedGradientBackground.swift */; };
		A1000011 /* Core/Models/Models.swift in Sources */ = {isa = PBXBuildFile; fileRef = B1000011 /* Core/Models/Models.swift */; };
		A1000012 /* UI/Theme/Theme.swift in Sources */ = {isa = PBXBuildFile; fileRef = B1000012 /* UI/Theme/Theme.swift */; };
		FC03BDB92EDFE96500CA1203 /* UI/Components/PDFKitRepresentedView.swift in Sources */ = {isa = PBXBuildFile; fileRef = FC03BDB72EDFE96500CA1203 /* UI/Components/PDFKitRepresentedView.swift */; };
		FC03BDBA2EDFE96500CA1203 /* Core/Services/LocalFormStorageService.swift in Sources */ = {isa = PBXBuildFile; fileRef = FC03BDB62EDFE96500CA1203 /* Core/Services/LocalFormStorageService.swift */; };
		FC03BDBB2EDFE96500CA1203 /* Features/DocumentEditor/SplitScreenEditorView.swift in Sources */ = {isa = PBXBuildFile; fileRef = FC03BDB82EDFE96500CA1203 /* Features/DocumentEditor/SplitScreenEditorView.swift */; };
		FC03BDBC2EDFE96500CA1203 /* Features/DocumentEditor/DocumentViewModel.swift in Sources */ = {isa = PBXBuildFile; fileRef = FC03BDB52EDFE96500CA1203 /* Features/DocumentEditor/DocumentViewModel.swift */; };
		FC797CB82EE2C13D001A4318 /* PDFDocument+AcroForm.swift in Sources */ = {isa = PBXBuildFile; fileRef = FC797CB72EE2C13D001A4318 /* PDFDocument+AcroForm.swift */; };
		FC797CBA2EE2C197001A4318 /* QuickLookPDFView.swift in Sources */ = {isa = PBXBuildFile; fileRef = FC797CB92EE2C197001A4318 /* QuickLookPDFView.swift */; };
/* End PBXBuildFile section */

/* Begin PBXFileReference section */
		B1000001 /* App/DocumentAIApp.swift */ = {isa = PBXFileReference; lastKnownFileType = sourcecode.swift; path = App/DocumentAIApp.swift; sourceTree = "<group>"; };
		B1000002 /* Features/Home/HomeView.swift */ = {isa = PBXFileReference; lastKnownFileType = sourcecode.swift; path = Features/Home/HomeView.swift; sourceTree = "<group>"; };
		B1000004 /* Features/Home/HomeViewModel.swift */ = {isa = PBXFileReference; lastKnownFileType = sourcecode.swift; path = Features/Home/HomeViewModel.swift; sourceTree = "<group>"; };
		B1000006 /* Core/Services/DocumentPickerService.swift */ = {isa = PBXFileReference; lastKnownFileType = sourcecode.swift; path = Core/Services/DocumentPickerService.swift; sourceTree = "<group>"; };
		B1000007 /* Core/Services/ImagePickerService.swift */ = {isa = PBXFileReference; lastKnownFileType = sourcecode.swift; path = Core/Services/ImagePickerService.swift; sourceTree = "<group>"; };
		B1000008 /* Core/Services/APIService.swift */ = {isa = PBXFileReference; lastKnownFileType = sourcecode.swift; path = Core/Services/APIService.swift; sourceTree = "<group>"; };
		B1000009 /* Core/Services/LocalStorageService.swift */ = {isa = PBXFileReference; lastKnownFileType = sourcecode.swift; path = Core/Services/LocalStorageService.swift; sourceTree = "<group>"; };
		B1000010 /* UI/Components/AnimatedGradientBackground.swift */ = {isa = PBXFileReference; lastKnownFileType = sourcecode.swift; path = UI/Components/AnimatedGradientBackground.swift; sourceTree = "<group>"; };
		B1000011 /* Core/Models/Models.swift */ = {isa = PBXFileReference; lastKnownFileType = sourcecode.swift; path = Core/Models/Models.swift; sourceTree = "<group>"; };
		B1000012 /* UI/Theme/Theme.swift */ = {isa = PBXFileReference; lastKnownFileType = sourcecode.swift; path = UI/Theme/Theme.swift; sourceTree = "<group>"; };
		C1000001 /* documentAI.app */ = {isa = PBXFileReference; explicitFileType = wrapper.application; includeInIndex = 0; path = documentAI.app; sourceTree = BUILT_PRODUCTS_DIR; };
		FC03BDB52EDFE96500CA1203 /* Features/DocumentEditor/DocumentViewModel.swift */ = {isa = PBXFileReference; lastKnownFileType = sourcecode.swift; path = Features/DocumentEditor/DocumentViewModel.swift; sourceTree = "<group>"; };
		FC03BDB62EDFE96500CA1203 /* Core/Services/LocalFormStorageService.swift */ = {isa = PBXFileReference; lastKnownFileType = sourcecode.swift; path = Core/Services/LocalFormStorageService.swift; sourceTree = "<group>"; };
		FC03BDB72EDFE96500CA1203 /* UI/Components/PDFKitRepresentedView.swift */ = {isa = PBXFileReference; lastKnownFileType = sourcecode.swift; path = UI/Components/PDFKitRepresentedView.swift; sourceTree = "<group>"; };
		FC03BDB82EDFE96500CA1203 /* Features/DocumentEditor/SplitScreenEditorView.swift */ = {isa = PBXFileReference; lastKnownFileType = sourcecode.swift; path = Features/DocumentEditor/SplitScreenEditorView.swift; sourceTree = "<group>"; };
		FC797CB72EE2C13D001A4318 /* PDFDocument+AcroForm.swift */ = {isa = PBXFileReference; lastKnownFileType = sourcecode.swift; path = "PDFDocument+AcroForm.swift"; sourceTree = "<group>"; };
		FC797CB92EE2C197001A4318 /* QuickLookPDFView.swift */ = {isa = PBXFileReference; lastKnownFileType = sourcecode.swift; path = QuickLookPDFView.swift; sourceTree = "<group>"; };
		T1000002 /* DocumentDetectionResponseTests.swift */ = {isa = PBXFileReference; lastKnownFileType = sourcecode.swift; path = DocumentDetectionResponseTests.swift; sourceTree = "<group>"; };
		T1000003 /* documentAITests.xctest */ = {isa = PBXFileReference; explicitFileType = wrapper.cfbundle; includeInIndex = 0; path = documentAITests.xctest; sourceTree = BUILT_PRODUCTS_DIR; };
		T1000015 /* PDFKitRepresentedViewTests.swift */ = {isa = PBXFileReference; lastKnownFileType = sourcecode.swift; path = PDFKitRepresentedViewTests.swift; sourceTree = "<group>"; };
		T1000017 /* IntegrationTests.swift */ = {isa = PBXFileReference; lastKnownFileType = sourcecode.swift; path = IntegrationTests.swift; sourceTree = "<group>"; };
/* End PBXFileReference section */

/* Begin PBXFrameworksBuildPhase section */
		D1000001 /* Frameworks */ = {
			isa = PBXFrameworksBuildPhase;
			buildActionMask = 2147483647;
			files = (
			);
			runOnlyForDeploymentPostprocessing = 0;
		};
		T1000004 /* Frameworks */ = {
			isa = PBXFrameworksBuildPhase;
			buildActionMask = 2147483647;
			files = (
			);
			runOnlyForDeploymentPostprocessing = 0;
		};
/* End PBXFrameworksBuildPhase section */

/* Begin PBXGroup section */
		E1000001 = {
			isa = PBXGroup;
			children = (
				E1000002 /* documentAI */,
				T1000005 /* documentAITests */,
				E1000003 /* Products */,
			);
			sourceTree = "<group>";
		};
		T1000005 /* documentAITests */ = {
			isa = PBXGroup;
			children = (
				T1000002 /* DocumentDetectionResponseTests.swift */,
				T1000015 /* PDFKitRepresentedViewTests.swift */,
				T1000017 /* IntegrationTests.swift */,
			);
			path = documentAITests;
			sourceTree = "<group>";
		};
		E1000002 /* documentAI */ = {
			isa = PBXGroup;
			children = (
				FC797CB92EE2C197001A4318 /* QuickLookPDFView.swift */,
				FC797CB72EE2C13D001A4318 /* PDFDocument+AcroForm.swift */,
				FC03BDB52EDFE96500CA1203 /* Features/DocumentEditor/DocumentViewModel.swift */,
				FC03BDB62EDFE96500CA1203 /* Core/Services/LocalFormStorageService.swift */,
				FC03BDB72EDFE96500CA1203 /* UI/Components/PDFKitRepresentedView.swift */,
				FC03BDB82EDFE96500CA1203 /* Features/DocumentEditor/SplitScreenEditorView.swift */,
				B1000001 /* App/DocumentAIApp.swift */,
				B1000002 /* Features/Home/HomeView.swift */,
				B1000004 /* Features/Home/HomeViewModel.swift */,
				B1000006 /* Core/Services/DocumentPickerService.swift */,
				B1000007 /* Core/Services/ImagePickerService.swift */,
				B1000008 /* Core/Services/APIService.swift */,
				B1000009 /* Core/Services/LocalStorageService.swift */,
				B1000010 /* UI/Components/AnimatedGradientBackground.swift */,
				B1000011 /* Core/Models/Models.swift */,
				B1000012 /* UI/Theme/Theme.swift */,
			);
			path = documentAI;
			sourceTree = "<group>";
		};
		E1000003 /* Products */ = {
			isa = PBXGroup;
			children = (
				C1000001 /* documentAI.app */,
				T1000003 /* documentAITests.xctest */,
			);
			name = Products;
			sourceTree = "<group>";
		};
/* End PBXGroup section */

/* Begin PBXNativeTarget section */
		F1000001 /* documentAI */ = {
			isa = PBXNativeTarget;
			buildConfigurationList = F1000002 /* Build configuration list for PBXNativeTarget "documentAI" */;
			buildPhases = (
				G1000001 /* Sources */,
				D1000001 /* Frameworks */,
				H1000001 /* Resources */,
			);
			buildRules = (
			);
			dependencies = (
			);
			name = documentAI;
			productName = documentAI;
			productReference = C1000001 /* documentAI.app */;
			productType = "com.apple.product-type.application";
		};
		T1000006 /* documentAITests */ = {
			isa = PBXNativeTarget;
			buildConfigurationList = T1000007 /* Build configuration list for PBXNativeTarget "documentAITests" */;
			buildPhases = (
				T1000008 /* Sources */,
				T1000004 /* Frameworks */,
				T1000009 /* Resources */,
			);
			buildRules = (
			);
			dependencies = (
				T1000010 /* PBXTargetDependency */,
			);
			name = documentAITests;
			productName = documentAITests;
			productReference = T1000003 /* documentAITests.xctest */;
			productType = "com.apple.product-type.bundle.unit-test";
		};
/* End PBXNativeTarget section */

/* Begin PBXProject section */
		I1000001 /* Project object */ = {
			isa = PBXProject;
			attributes = {
				BuildIndependentTargetsInParallel = 1;
				LastSwiftUpdateCheck = 1500;
				LastUpgradeCheck = 1500;
			};
			buildConfigurationList = I1000002 /* Build configuration list for PBXProject "documentAI" */;
			compatibilityVersion = "Xcode 14.0";
			developmentRegion = en;
			hasScannedForEncodings = 0;
			knownRegions = (
				en,
				Base,
			);
			mainGroup = E1000001;
			productRefGroup = E1000003 /* Products */;
			projectDirPath = "";
			projectRoot = "";
			targets = (
				F1000001 /* documentAI */,
				T1000006 /* documentAITests */,
			);
		};
/* End PBXProject section */

/* Begin PBXResourcesBuildPhase section */
		H1000001 /* Resources */ = {
			isa = PBXResourcesBuildPhase;
			buildActionMask = 2147483647;
			files = (
			);
			runOnlyForDeploymentPostprocessing = 0;
		};
		T1000009 /* Resources */ = {
			isa = PBXResourcesBuildPhase;
			buildActionMask = 2147483647;
			files = (
			);
			runOnlyForDeploymentPostprocessing = 0;
		};
/* End PBXResourcesBuildPhase section */

/* Begin PBXSourcesBuildPhase section */
		G1000001 /* Sources */ = {
			isa = PBXSourcesBuildPhase;
			buildActionMask = 2147483647;
			files = (
				A1000001 /* App/DocumentAIApp.swift in Sources */,
				A1000002 /* Features/Home/HomeView.swift in Sources */,
				FC797CB82EE2C13D001A4318 /* PDFDocument+AcroForm.swift in Sources */,
				A1000004 /* Features/Home/HomeViewModel.swift in Sources */,
				A1000006 /* Core/Services/DocumentPickerService.swift in Sources */,
				A1000007 /* Core/Services/ImagePickerService.swift in Sources */,
				A1000008 /* Core/Services/APIService.swift in Sources */,
				A1000009 /* Core/Services/LocalStorageService.swift in Sources */,
				FC797CBA2EE2C197001A4318 /* QuickLookPDFView.swift in Sources */,
				A1000010 /* UI/Components/AnimatedGradientBackground.swift in Sources */,
				A1000011 /* Core/Models/Models.swift in Sources */,
				A1000012 /* UI/Theme/Theme.swift in Sources */,
				FC03BDB92EDFE96500CA1203 /* UI/Components/PDFKitRepresentedView.swift in Sources */,
				FC03BDBA2EDFE96500CA1203 /* Core/Services/LocalFormStorageService.swift in Sources */,
				FC03BDBB2EDFE96500CA1203 /* Features/DocumentEditor/SplitScreenEditorView.swift in Sources */,
				FC03BDBC2EDFE96500CA1203 /* Features/DocumentEditor/DocumentViewModel.swift in Sources */,
			);
			runOnlyForDeploymentPostprocessing = 0;
		};
		T1000008 /* Sources */ = {
			isa = PBXSourcesBuildPhase;
			buildActionMask = 2147483647;
			files = (
				T1000001 /* DocumentDetectionResponseTests.swift in Sources */,
				T1000014 /* PDFKitRepresentedViewTests.swift in Sources */,
				T1000016 /* IntegrationTests.swift in Sources */,
			);
			runOnlyForDeploymentPostprocessing = 0;
		};
/* End PBXSourcesBuildPhase section */

/* Begin PBXContainerItemProxy section */
		T1000011 /* PBXContainerItemProxy */ = {
			isa = PBXContainerItemProxy;
			containerPortal = I1000001 /* Project object */;
			proxyType = 1;
			remoteGlobalIDString = F1000001;
			remoteInfo = documentAI;
		};
/* End PBXContainerItemProxy section */

/* Begin PBXTargetDependency section */
		T1000010 /* PBXTargetDependency */ = {
			isa = PBXTargetDependency;
			target = F1000001 /* documentAI */;
			targetProxy = T1000011 /* PBXContainerItemProxy */;
		};
/* End PBXTargetDependency section */

/* Begin XCBuildConfiguration section */
		J1000001 /* Debug */ = {
			isa = XCBuildConfiguration;
			buildSettings = {
				ALWAYS_SEARCH_USER_PATHS = NO;
				CLANG_ANALYZER_NONNULL = YES;
				CLANG_ANALYZER_NUMBER_OBJECT_CONVERSION = YES_AGGRESSIVE;
				CLANG_CXX_LANGUAGE_STANDARD = "gnu++20";
				CLANG_ENABLE_MODULES = YES;
				CLANG_ENABLE_OBJC_ARC = YES;
				CLANG_ENABLE_OBJC_WEAK = YES;
				CLANG_WARN_BLOCK_CAPTURE_AUTORELEASING = YES;
				CLANG_WARN_BOOL_CONVERSION = YES;
				CLANG_WARN_COMMA = YES;
				CLANG_WARN_CONSTANT_CONVERSION = YES;
				CLANG_WARN_DEPRECATED_OBJC_IMPLEMENTATIONS = YES;
				CLANG_WARN_DIRECT_OBJC_ISA_USAGE = YES_ERROR;
				CLANG_WARN_DOCUMENTATION_COMMENTS = YES;
				CLANG_WARN_EMPTY_BODY = YES;
				CLANG_WARN_ENUM_CONVERSION = YES;
				CLANG_WARN_INFINITE_RECURSION = YES;
				CLANG_WARN_INT_CONVERSION = YES;
				CLANG_WARN_NON_LITERAL_NULL_CONVERSION = YES;
				CLANG_WARN_OBJC_IMPLICIT_RETAIN_SELF = YES;
				CLANG_WARN_OBJC_LITERAL_CONVERSION = YES;
				CLANG_WARN_OBJC_ROOT_CLASS = YES_ERROR;
				CLANG_WARN_QUOTED_INCLUDE_IN_FRAMEWORK_HEADER = YES;
				CLANG_WARN_RANGE_LOOP_ANALYSIS = YES;
				CLANG_WARN_STRICT_PROTOTYPES = YES;
				CLANG_WARN_SUSPICIOUS_MOVE = YES;
				CLANG_WARN_UNGUARDED_AVAILABILITY = YES_AGGRESSIVE;
				CLANG_WARN_UNREACHABLE_CODE = YES;
				CLANG_WARN__DUPLICATE_METHOD_MATCH = YES;
				COPY_PHASE_STRIP = NO;
				DEBUG_INFORMATION_FORMAT = dwarf;
				ENABLE_STRICT_OBJC_MSGSEND = YES;
				ENABLE_TESTABILITY = YES;
				GCC_C_LANGUAGE_STANDARD = gnu11;
				GCC_DYNAMIC_NO_PIC = NO;
				GCC_NO_COMMON_BLOCKS = YES;
				GCC_OPTIMIZATION_LEVEL = 0;
				GCC_PREPROCESSOR_DEFINITIONS = (
					"DEBUG=1",
					"$(inherited)",
				);
				GCC_WARN_64_TO_32_BIT_CONVERSION = YES;
				GCC_WARN_ABOUT_RETURN_TYPE = YES_ERROR;
				GCC_WARN_UNDECLARED_SELECTOR = YES;
				GCC_WARN_UNINITIALIZED_AUTOS = YES_AGGRESSIVE;
				GCC_WARN_UNUSED_FUNCTION = YES;
				GCC_WARN_UNUSED_VARIABLE = YES;
				IPHONEOS_DEPLOYMENT_TARGET = 15.0;
				MTL_ENABLE_DEBUG_INFO = INCLUDE_SOURCE;
				MTL_FAST_MATH = YES;
				ONLY_ACTIVE_ARCH = YES;
				SDKROOT = iphoneos;
				SWIFT_ACTIVE_COMPILATION_CONDITIONS = DEBUG;
				SWIFT_OPTIMIZATION_LEVEL = "-Onone";
			};
			name = Debug;
		};
		J1000002 /* Release */ = {
			isa = XCBuildConfiguration;
			buildSettings = {
				ALWAYS_SEARCH_USER_PATHS = NO;
				CLANG_ANALYZER_NONNULL = YES;
				CLANG_ANALYZER_NUMBER_OBJECT_CONVERSION = YES_AGGRESSIVE;
				CLANG_CXX_LANGUAGE_STANDARD = "gnu++20";
				CLANG_ENABLE_MODULES = YES;
				CLANG_ENABLE_OBJC_ARC = YES;
				CLANG_ENABLE_OBJC_WEAK = YES;
				CLANG_WARN_BLOCK_CAPTURE_AUTORELEASING = YES;
				CLANG_WARN_BOOL_CONVERSION = YES;
				CLANG_WARN_COMMA = YES;
				CLANG_WARN_CONSTANT_CONVERSION = YES;
				CLANG_WARN_DEPRECATED_OBJC_IMPLEMENTATIONS = YES;
				CLANG_WARN_DIRECT_OBJC_ISA_USAGE = YES_ERROR;
				CLANG_WARN_DOCUMENTATION_COMMENTS = YES;
				CLANG_WARN_EMPTY_BODY = YES;
				CLANG_WARN_ENUM_CONVERSION = YES;
				CLANG_WARN_INFINITE_RECURSION = YES;
				CLANG_WARN_INT_CONVERSION = YES;
				CLANG_WARN_NON_LITERAL_NULL_CONVERSION = YES;
				CLANG_WARN_OBJC_IMPLICIT_RETAIN_SELF = YES;
				CLANG_WARN_OBJC_LITERAL_CONVERSION = YES;
				CLANG_WARN_OBJC_ROOT_CLASS = YES_ERROR;
				CLANG_WARN_QUOTED_INCLUDE_IN_FRAMEWORK_HEADER = YES;
				CLANG_WARN_RANGE_LOOP_ANALYSIS = YES;
				CLANG_WARN_STRICT_PROTOTYPES = YES;
				CLANG_WARN_SUSPICIOUS_MOVE = YES;
				CLANG_WARN_UNGUARDED_AVAILABILITY = YES_AGGRESSIVE;
				CLANG_WARN_UNREACHABLE_CODE = YES;
				CLANG_WARN__DUPLICATE_METHOD_MATCH = YES;
				COPY_PHASE_STRIP = NO;
				DEBUG_INFORMATION_FORMAT = "dwarf-with-dsym";
				ENABLE_NS_ASSERTIONS = NO;
				ENABLE_STRICT_OBJC_MSGSEND = YES;
				GCC_C_LANGUAGE_STANDARD = gnu11;
				GCC_NO_COMMON_BLOCKS = YES;
				GCC_WARN_64_TO_32_BIT_CONVERSION = YES;
				GCC_WARN_ABOUT_RETURN_TYPE = YES_ERROR;
				GCC_WARN_UNDECLARED_SELECTOR = YES;
				GCC_WARN_UNINITIALIZED_AUTOS = YES_AGGRESSIVE;
				GCC_WARN_UNUSED_FUNCTION = YES;
				GCC_WARN_UNUSED_VARIABLE = YES;
				IPHONEOS_DEPLOYMENT_TARGET = 15.0;
				MTL_ENABLE_DEBUG_INFO = NO;
				MTL_FAST_MATH = YES;
				SDKROOT = iphoneos;
				SWIFT_COMPILATION_MODE = wholemodule;
				SWIFT_OPTIMIZATION_LEVEL = "-O";
				VALIDATE_PRODUCT = YES;
			};
			name = Release;
		};
		K1000001 /* Debug */ = {
			isa = XCBuildConfiguration;
			buildSettings = {
				ASSETCATALOG_COMPILER_APPICON_NAME = AppIcon;
				ASSETCATALOG_COMPILER_GLOBAL_ACCENT_COLOR_NAME = AccentColor;
				CODE_SIGN_STYLE = Automatic;
				CURRENT_PROJECT_VERSION = 1;
				DEVELOPMENT_TEAM = 8H5C9P92ZB;
				ENABLE_PREVIEWS = YES;
				GENERATE_INFOPLIST_FILE = NO;
				INFOPLIST_FILE = documentAI/Info.plist;
				INFOPLIST_KEY_UIApplicationSceneManifest_Generation = YES;
				INFOPLIST_KEY_UIApplicationSupportsIndirectInputEvents = YES;
				INFOPLIST_KEY_UILaunchScreen_Generation = YES;
				INFOPLIST_KEY_UISupportedInterfaceOrientations = "UIInterfaceOrientationPortrait UIInterfaceOrientationLandscapeLeft UIInterfaceOrientationLandscapeRight";
				INFOPLIST_KEY_UISupportedInterfaceOrientations_iPad = "UIInterfaceOrientationPortrait UIInterfaceOrientationPortraitUpsideDown UIInterfaceOrientationLandscapeLeft UIInterfaceOrientationLandscapeRight";
				INFOPLIST_KEY_UISupportedInterfaceOrientations_iPhone = "UIInterfaceOrientationPortrait UIInterfaceOrientationLandscapeLeft UIInterfaceOrientationLandscapeRight";
				LD_RUNPATH_SEARCH_PATHS = (
					"$(inherited)",
					"@executable_path/Frameworks",
				);
				MARKETING_VERSION = 1.0;
				PRODUCT_BUNDLE_IDENTIFIER = com.riskcreatives.documentai;
				PRODUCT_NAME = "$(TARGET_NAME)";
				SWIFT_EMIT_LOC_STRINGS = YES;
				SWIFT_VERSION = 5.0;
				TARGETED_DEVICE_FAMILY = "1,2";
			};
			name = Debug;
		};
		K1000002 /* Release */ = {
			isa = XCBuildConfiguration;
			buildSettings = {
				ASSETCATALOG_COMPILER_APPICON_NAME = AppIcon;
				ASSETCATALOG_COMPILER_GLOBAL_ACCENT_COLOR_NAME = AccentColor;
				CODE_SIGN_STYLE = Automatic;
				CURRENT_PROJECT_VERSION = 1;
				DEVELOPMENT_TEAM = 8H5C9P92ZB;
				ENABLE_PREVIEWS = YES;
				GENERATE_INFOPLIST_FILE = NO;
				INFOPLIST_FILE = documentAI/Info.plist;
				INFOPLIST_KEY_UIApplicationSceneManifest_Generation = YES;
				INFOPLIST_KEY_UIApplicationSupportsIndirectInputEvents = YES;
				INFOPLIST_KEY_UILaunchScreen_Generation = YES;
				INFOPLIST_KEY_UISupportedInterfaceOrientations = "UIInterfaceOrientationPortrait UIInterfaceOrientationLandscapeLeft UIInterfaceOrientationLandscapeRight";
				INFOPLIST_KEY_UISupportedInterfaceOrientations_iPad = "UIInterfaceOrientationPortrait UIInterfaceOrientationPortraitUpsideDown UIInterfaceOrientationLandscapeLeft UIInterfaceOrientationLandscapeRight";
				INFOPLIST_KEY_UISupportedInterfaceOrientations_iPhone = "UIInterfaceOrientationPortrait UIInterfaceOrientationLandscapeLeft UIInterfaceOrientationLandscapeRight";
				LD_RUNPATH_SEARCH_PATHS = (
					"$(inherited)",
					"@executable_path/Frameworks",
				);
				MARKETING_VERSION = 1.0;
				PRODUCT_BUNDLE_IDENTIFIER = com.riskcreatives.documentai;
				PRODUCT_NAME = "$(TARGET_NAME)";
				SWIFT_EMIT_LOC_STRINGS = YES;
				SWIFT_VERSION = 5.0;
				TARGETED_DEVICE_FAMILY = "1,2";
			};
			name = Release;
		};
		T1000012 /* Debug */ = {
			isa = XCBuildConfiguration;
			buildSettings = {
				BUNDLE_LOADER = "$(TEST_HOST)";
				CODE_SIGN_STYLE = Automatic;
				CURRENT_PROJECT_VERSION = 1;
				DEVELOPMENT_TEAM = 8H5C9P92ZB;
				GENERATE_INFOPLIST_FILE = YES;
				IPHONEOS_DEPLOYMENT_TARGET = 15.0;
				MARKETING_VERSION = 1.0;
				PRODUCT_BUNDLE_IDENTIFIER = com.riskcreatives.documentAITests;
				PRODUCT_NAME = "$(TARGET_NAME)";
				SWIFT_EMIT_LOC_STRINGS = NO;
				SWIFT_VERSION = 5.0;
				TARGETED_DEVICE_FAMILY = "1,2";
				TEST_HOST = "$(BUILT_PRODUCTS_DIR)/documentAI.app/$(BUNDLE_EXECUTABLE_FOLDER_PATH)/documentAI";
			};
			name = Debug;
		};
		T1000013 /* Release */ = {
			isa = XCBuildConfiguration;
			buildSettings = {
				BUNDLE_LOADER = "$(TEST_HOST)";
				CODE_SIGN_STYLE = Automatic;
				CURRENT_PROJECT_VERSION = 1;
				DEVELOPMENT_TEAM = 8H5C9P92ZB;
				GENERATE_INFOPLIST_FILE = YES;
				IPHONEOS_DEPLOYMENT_TARGET = 15.0;
				MARKETING_VERSION = 1.0;
				PRODUCT_BUNDLE_IDENTIFIER = com.riskcreatives.documentAITests;
				PRODUCT_NAME = "$(TARGET_NAME)";
				SWIFT_EMIT_LOC_STRINGS = NO;
				SWIFT_VERSION = 5.0;
				TARGETED_DEVICE_FAMILY = "1,2";
				TEST_HOST = "$(BUILT_PRODUCTS_DIR)/documentAI.app/$(BUNDLE_EXECUTABLE_FOLDER_PATH)/documentAI";
			};
			name = Release;
		};
/* End XCBuildConfiguration section */

/* Begin XCConfigurationList section */
		F1000002 /* Build configuration list for PBXNativeTarget "documentAI" */ = {
			isa = XCConfigurationList;
			buildConfigurations = (
				K1000001 /* Debug */,
				K1000002 /* Release */,
			);
			defaultConfigurationIsVisible = 0;
			defaultConfigurationName = Release;
		};
		I1000002 /* Build configuration list for PBXProject "documentAI" */ = {
			isa = XCConfigurationList;
			buildConfigurations = (
				J1000001 /* Debug */,
				J1000002 /* Release */,
			);
			defaultConfigurationIsVisible = 0;
			defaultConfigurationName = Release;
		};
		T1000007 /* Build configuration list for PBXNativeTarget "documentAITests" */ = {
			isa = XCConfigurationList;
			buildConfigurations = (
				T1000012 /* Debug */,
				T1000013 /* Release */,
			);
			defaultConfigurationIsVisible = 0;
			defaultConfigurationName = Release;
		};
/* End XCConfigurationList section */
	};
	rootObject = I1000001 /* Project object */;
}
